// !$*UTF8*$!
{
	archiveVersion = 1;
	classes = {
	};
	objectVersion = 46;
	objects = {

/* Begin PBXAggregateTarget section */
		E9DBFD9E1E00F133002C4AAB /* JSPatchAgg */ = {
			isa = PBXAggregateTarget;
			buildConfigurationList = E9DBFD9F1E00F133002C4AAB /* Build configuration list for PBXAggregateTarget "JSPatchAgg" */;
			buildPhases = (
				E9DBFDA41E00F1DC002C4AAB /* ShellScript */,
			);
			dependencies = (
			);
			name = JSPatchAgg;
			productName = JSPatchAgg;
		};
/* End PBXAggregateTarget section */

/* Begin PBXBuildFile section */
		E96BCC791E7FB7180033CCC8 /* JPBlock.h in Headers */ = {isa = PBXBuildFile; fileRef = E96BCC251E7FB7180033CCC8 /* JPBlock.h */; };
		E96BCC7A1E7FB7180033CCC8 /* JPBlock.m in Sources */ = {isa = PBXBuildFile; fileRef = E96BCC261E7FB7180033CCC8 /* JPBlock.m */; };
		E96BCC7B1E7FB7180033CCC8 /* JPBlockWrapper.h in Headers */ = {isa = PBXBuildFile; fileRef = E96BCC271E7FB7180033CCC8 /* JPBlockWrapper.h */; };
		E96BCC7C1E7FB7180033CCC8 /* JPBlockWrapper.m in Sources */ = {isa = PBXBuildFile; fileRef = E96BCC281E7FB7180033CCC8 /* JPBlockWrapper.m */; };
		E96BCC7D1E7FB7180033CCC8 /* JPCFunction.h in Headers */ = {isa = PBXBuildFile; fileRef = E96BCC2A1E7FB7180033CCC8 /* JPCFunction.h */; };
		E96BCC7E1E7FB7180033CCC8 /* JPCFunction.m in Sources */ = {isa = PBXBuildFile; fileRef = E96BCC2B1E7FB7180033CCC8 /* JPCFunction.m */; };
		E96BCC7F1E7FB7180033CCC8 /* JPMemory.h in Headers */ = {isa = PBXBuildFile; fileRef = E96BCC2C1E7FB7180033CCC8 /* JPMemory.h */; };
		E96BCC801E7FB7180033CCC8 /* JPMemory.m in Sources */ = {isa = PBXBuildFile; fileRef = E96BCC2D1E7FB7180033CCC8 /* JPMemory.m */; };
		E96BCC811E7FB7180033CCC8 /* JPStructPointer.h in Headers */ = {isa = PBXBuildFile; fileRef = E96BCC2E1E7FB7180033CCC8 /* JPStructPointer.h */; };
		E96BCC821E7FB7180033CCC8 /* JPStructPointer.m in Sources */ = {isa = PBXBuildFile; fileRef = E96BCC2F1E7FB7180033CCC8 /* JPStructPointer.m */; };
		E96BCC831E7FB7180033CCC8 /* JPCGBitmapContext.h in Headers */ = {isa = PBXBuildFile; fileRef = E96BCC321E7FB7180033CCC8 /* JPCGBitmapContext.h */; };
		E96BCC841E7FB7180033CCC8 /* JPCGBitmapContext.m in Sources */ = {isa = PBXBuildFile; fileRef = E96BCC331E7FB7180033CCC8 /* JPCGBitmapContext.m */; };
		E96BCC851E7FB7180033CCC8 /* JPCGColor.h in Headers */ = {isa = PBXBuildFile; fileRef = E96BCC341E7FB7180033CCC8 /* JPCGColor.h */; };
		E96BCC861E7FB7180033CCC8 /* JPCGColor.m in Sources */ = {isa = PBXBuildFile; fileRef = E96BCC351E7FB7180033CCC8 /* JPCGColor.m */; };
		E96BCC871E7FB7180033CCC8 /* JPCGContext.h in Headers */ = {isa = PBXBuildFile; fileRef = E96BCC361E7FB7180033CCC8 /* JPCGContext.h */; };
		E96BCC881E7FB7180033CCC8 /* JPCGContext.m in Sources */ = {isa = PBXBuildFile; fileRef = E96BCC371E7FB7180033CCC8 /* JPCGContext.m */; };
		E96BCC891E7FB7180033CCC8 /* JPCGGeometry.h in Headers */ = {isa = PBXBuildFile; fileRef = E96BCC381E7FB7180033CCC8 /* JPCGGeometry.h */; };
		E96BCC8A1E7FB7180033CCC8 /* JPCGGeometry.m in Sources */ = {isa = PBXBuildFile; fileRef = E96BCC391E7FB7180033CCC8 /* JPCGGeometry.m */; };
		E96BCC8B1E7FB7180033CCC8 /* JPCGImage.h in Headers */ = {isa = PBXBuildFile; fileRef = E96BCC3A1E7FB7180033CCC8 /* JPCGImage.h */; };
		E96BCC8C1E7FB7180033CCC8 /* JPCGImage.m in Sources */ = {isa = PBXBuildFile; fileRef = E96BCC3B1E7FB7180033CCC8 /* JPCGImage.m */; };
		E96BCC8D1E7FB7180033CCC8 /* JPCGPath.h in Headers */ = {isa = PBXBuildFile; fileRef = E96BCC3C1E7FB7180033CCC8 /* JPCGPath.h */; };
		E96BCC8E1E7FB7180033CCC8 /* JPCGPath.m in Sources */ = {isa = PBXBuildFile; fileRef = E96BCC3D1E7FB7180033CCC8 /* JPCGPath.m */; };
		E96BCC8F1E7FB7180033CCC8 /* JPCGTransform.h in Headers */ = {isa = PBXBuildFile; fileRef = E96BCC3E1E7FB7180033CCC8 /* JPCGTransform.h */; };
		E96BCC901E7FB7180033CCC8 /* JPCGTransform.m in Sources */ = {isa = PBXBuildFile; fileRef = E96BCC3F1E7FB7180033CCC8 /* JPCGTransform.m */; };
		E96BCC911E7FB7180033CCC8 /* JPCoreGraphics.h in Headers */ = {isa = PBXBuildFile; fileRef = E96BCC401E7FB7180033CCC8 /* JPCoreGraphics.h */; };
		E96BCC921E7FB7180033CCC8 /* JPCoreGraphics.m in Sources */ = {isa = PBXBuildFile; fileRef = E96BCC411E7FB7180033CCC8 /* JPCoreGraphics.m */; };
		E96BCC931E7FB7180033CCC8 /* JPUIGeometry.h in Headers */ = {isa = PBXBuildFile; fileRef = E96BCC431E7FB7180033CCC8 /* JPUIGeometry.h */; };
		E96BCC941E7FB7180033CCC8 /* JPUIGeometry.m in Sources */ = {isa = PBXBuildFile; fileRef = E96BCC441E7FB7180033CCC8 /* JPUIGeometry.m */; };
		E96BCC951E7FB7180033CCC8 /* JPUIGraphics.h in Headers */ = {isa = PBXBuildFile; fileRef = E96BCC451E7FB7180033CCC8 /* JPUIGraphics.h */; };
		E96BCC961E7FB7180033CCC8 /* JPUIGraphics.m in Sources */ = {isa = PBXBuildFile; fileRef = E96BCC461E7FB7180033CCC8 /* JPUIGraphics.m */; };
		E96BCC971E7FB7180033CCC8 /* JPUIImage.h in Headers */ = {isa = PBXBuildFile; fileRef = E96BCC471E7FB7180033CCC8 /* JPUIImage.h */; };
		E96BCC981E7FB7180033CCC8 /* JPUIImage.m in Sources */ = {isa = PBXBuildFile; fileRef = E96BCC481E7FB7180033CCC8 /* JPUIImage.m */; };
		E96BCC991E7FB7180033CCC8 /* JPUIKit.h in Headers */ = {isa = PBXBuildFile; fileRef = E96BCC491E7FB7180033CCC8 /* JPUIKit.h */; };
		E96BCC9A1E7FB7180033CCC8 /* JPUIKit.m in Sources */ = {isa = PBXBuildFile; fileRef = E96BCC4A1E7FB7180033CCC8 /* JPUIKit.m */; };
		E96BCC9B1E7FB7180033CCC8 /* JPCleaner.h in Headers */ = {isa = PBXBuildFile; fileRef = E96BCC4B1E7FB7180033CCC8 /* JPCleaner.h */; };
		E96BCC9C1E7FB7180033CCC8 /* JPCleaner.m in Sources */ = {isa = PBXBuildFile; fileRef = E96BCC4C1E7FB7180033CCC8 /* JPCleaner.m */; };
		E96BCC9D1E7FB7180033CCC8 /* JPDispatch.h in Headers */ = {isa = PBXBuildFile; fileRef = E96BCC4D1E7FB7180033CCC8 /* JPDispatch.h */; };
		E96BCC9E1E7FB7180033CCC8 /* JPDispatch.m in Sources */ = {isa = PBXBuildFile; fileRef = E96BCC4E1E7FB7180033CCC8 /* JPDispatch.m */; };
		E96BCC9F1E7FB7180033CCC8 /* JPMethodSignature.h in Headers */ = {isa = PBXBuildFile; fileRef = E96BCC501E7FB7180033CCC8 /* JPMethodSignature.h */; };
		E96BCCA01E7FB7180033CCC8 /* JPMethodSignature.m in Sources */ = {isa = PBXBuildFile; fileRef = E96BCC511E7FB7180033CCC8 /* JPMethodSignature.m */; };
		E96BCCA11E7FB7180033CCC8 /* ffi.h in Headers */ = {isa = PBXBuildFile; fileRef = E96BCC531E7FB7180033CCC8 /* ffi.h */; };
		E96BCCA21E7FB7180033CCC8 /* ffi_arm.h in Headers */ = {isa = PBXBuildFile; fileRef = E96BCC541E7FB7180033CCC8 /* ffi_arm.h */; };
		E96BCCA31E7FB7180033CCC8 /* ffi_arm64.h in Headers */ = {isa = PBXBuildFile; fileRef = E96BCC551E7FB7180033CCC8 /* ffi_arm64.h */; };
		E96BCCA41E7FB7180033CCC8 /* ffi_i386.h in Headers */ = {isa = PBXBuildFile; fileRef = E96BCC561E7FB7180033CCC8 /* ffi_i386.h */; };
		E96BCCA51E7FB7180033CCC8 /* ffi_x86_64.h in Headers */ = {isa = PBXBuildFile; fileRef = E96BCC571E7FB7180033CCC8 /* ffi_x86_64.h */; };
		E96BCCA61E7FB7180033CCC8 /* ffitarget.h in Headers */ = {isa = PBXBuildFile; fileRef = E96BCC581E7FB7180033CCC8 /* ffitarget.h */; };
		E96BCCA71E7FB7180033CCC8 /* ffitarget_arm.h in Headers */ = {isa = PBXBuildFile; fileRef = E96BCC591E7FB7180033CCC8 /* ffitarget_arm.h */; };
		E96BCCA81E7FB7180033CCC8 /* ffitarget_arm64.h in Headers */ = {isa = PBXBuildFile; fileRef = E96BCC5A1E7FB7180033CCC8 /* ffitarget_arm64.h */; };
		E96BCCA91E7FB7180033CCC8 /* ffitarget_i386.h in Headers */ = {isa = PBXBuildFile; fileRef = E96BCC5B1E7FB7180033CCC8 /* ffitarget_i386.h */; };
		E96BCCAA1E7FB7180033CCC8 /* ffitarget_x86_64.h in Headers */ = {isa = PBXBuildFile; fileRef = E96BCC5C1E7FB7180033CCC8 /* ffitarget_x86_64.h */; };
		E96BCCAB1E7FB7180033CCC8 /* libffi.a in Frameworks */ = {isa = PBXBuildFile; fileRef = E96BCC5D1E7FB7180033CCC8 /* libffi.a */; };
		E96BCCAC1E7FB7180033CCC8 /* JPLocker.h in Headers */ = {isa = PBXBuildFile; fileRef = E96BCC5E1E7FB7180033CCC8 /* JPLocker.h */; };
		E96BCCAD1E7FB7180033CCC8 /* JPLocker.m in Sources */ = {isa = PBXBuildFile; fileRef = E96BCC5F1E7FB7180033CCC8 /* JPLocker.m */; };
		E96BCCAE1E7FB7180033CCC8 /* JPNumber.h in Headers */ = {isa = PBXBuildFile; fileRef = E96BCC601E7FB7180033CCC8 /* JPNumber.h */; };
		E96BCCAF1E7FB7180033CCC8 /* JPNumber.m in Sources */ = {isa = PBXBuildFile; fileRef = E96BCC611E7FB7180033CCC8 /* JPNumber.m */; };
		E96BCCB01E7FB7180033CCC8 /* JPPlayground.h in Headers */ = {isa = PBXBuildFile; fileRef = E96BCC631E7FB7180033CCC8 /* JPPlayground.h */; };
		E96BCCB11E7FB7180033CCC8 /* JPPlayground.m in Sources */ = {isa = PBXBuildFile; fileRef = E96BCC641E7FB7180033CCC8 /* JPPlayground.m */; };
		E96BCCB21E7FB7180033CCC8 /* JPKeyCommands.h in Headers */ = {isa = PBXBuildFile; fileRef = E96BCC661E7FB7180033CCC8 /* JPKeyCommands.h */; };
		E96BCCB31E7FB7180033CCC8 /* JPKeyCommands.m in Sources */ = {isa = PBXBuildFile; fileRef = E96BCC671E7FB7180033CCC8 /* JPKeyCommands.m */; };
		E96BCCB41E7FB7180033CCC8 /* SGDirWatchdog.h in Headers */ = {isa = PBXBuildFile; fileRef = E96BCC681E7FB7180033CCC8 /* SGDirWatchdog.h */; };
		E96BCCB51E7FB7180033CCC8 /* SGDirWatchdog.m in Sources */ = {isa = PBXBuildFile; fileRef = E96BCC691E7FB7180033CCC8 /* SGDirWatchdog.m */; };
		E96BCCB61E7FB7180033CCC8 /* JPDevErrorView.h in Headers */ = {isa = PBXBuildFile; fileRef = E96BCC6B1E7FB7180033CCC8 /* JPDevErrorView.h */; };
		E96BCCB71E7FB7180033CCC8 /* JPDevErrorView.m in Sources */ = {isa = PBXBuildFile; fileRef = E96BCC6C1E7FB7180033CCC8 /* JPDevErrorView.m */; };
		E96BCCB81E7FB7180033CCC8 /* JPDevMenu.h in Headers */ = {isa = PBXBuildFile; fileRef = E96BCC6D1E7FB7180033CCC8 /* JPDevMenu.h */; };
		E96BCCB91E7FB7180033CCC8 /* JPDevMenu.m in Sources */ = {isa = PBXBuildFile; fileRef = E96BCC6E1E7FB7180033CCC8 /* JPDevMenu.m */; };
		E96BCCBA1E7FB7180033CCC8 /* JPDevTipView.h in Headers */ = {isa = PBXBuildFile; fileRef = E96BCC6F1E7FB7180033CCC8 /* JPDevTipView.h */; };
		E96BCCBB1E7FB7180033CCC8 /* JPDevTipView.m in Sources */ = {isa = PBXBuildFile; fileRef = E96BCC701E7FB7180033CCC8 /* JPDevTipView.m */; };
		E96BCCBD1E7FB7180033CCC8 /* JPProtocol.h in Headers */ = {isa = PBXBuildFile; fileRef = E96BCC721E7FB7180033CCC8 /* JPProtocol.h */; };
		E96BCCBE1E7FB7180033CCC8 /* JPProtocol.m in Sources */ = {isa = PBXBuildFile; fileRef = E96BCC731E7FB7180033CCC8 /* JPProtocol.m */; };
		E96BCCBF1E7FB7180033CCC8 /* JPSpecialInit.h in Headers */ = {isa = PBXBuildFile; fileRef = E96BCC741E7FB7180033CCC8 /* JPSpecialInit.h */; };
		E96BCCC01E7FB7180033CCC8 /* JPSpecialInit.m in Sources */ = {isa = PBXBuildFile; fileRef = E96BCC751E7FB7180033CCC8 /* JPSpecialInit.m */; };
		E96BCCC11E7FB7180033CCC8 /* JPEngine.h in Headers */ = {isa = PBXBuildFile; fileRef = E96BCC761E7FB7180033CCC8 /* JPEngine.h */; };
		E96BCCC21E7FB7180033CCC8 /* JPEngine.m in Sources */ = {isa = PBXBuildFile; fileRef = E96BCC771E7FB7180033CCC8 /* JPEngine.m */; };
		E96BCCC31E7FB7180033CCC8 /* JSPatch.bundle in Resources */ = {isa = PBXBuildFile; fileRef = E96BCC781E7FB7180033CCC8 /* JSPatch.bundle */; };
		E9DBFD8E1E00F0EC002C4AAB /* JSPatch.framework in Frameworks */ = {isa = PBXBuildFile; fileRef = E9DBFD841E00F0EC002C4AAB /* JSPatch.framework */; };
		E9DBFD931E00F0EC002C4AAB /* JSPatchTests.m in Sources */ = {isa = PBXBuildFile; fileRef = E9DBFD921E00F0EC002C4AAB /* JSPatchTests.m */; };
		E9DBFD951E00F0EC002C4AAB /* JSPatch.h in Headers */ = {isa = PBXBuildFile; fileRef = E9DBFD871E00F0EC002C4AAB /* JSPatch.h */; settings = {ATTRIBUTES = (Public, ); }; };
		E9DBFE6C1E012BB2002C4AAB /* JSHotfixManager.h in Headers */ = {isa = PBXBuildFile; fileRef = E9DBFE6A1E012BB2002C4AAB /* JSHotfixManager.h */; settings = {ATTRIBUTES = (Public, ); }; };
		E9DBFE6D1E012BB2002C4AAB /* JSHotfixManager.m in Sources */ = {isa = PBXBuildFile; fileRef = E9DBFE6B1E012BB2002C4AAB /* JSHotfixManager.m */; };
/* End PBXBuildFile section */

/* Begin PBXContainerItemProxy section */
		E9DBFD8F1E00F0EC002C4AAB /* PBXContainerItemProxy */ = {
			isa = PBXContainerItemProxy;
			containerPortal = E9DBFD7B1E00F0EC002C4AAB /* Project object */;
			proxyType = 1;
			remoteGlobalIDString = E9DBFD831E00F0EC002C4AAB;
			remoteInfo = JSPatch;
		};
/* End PBXContainerItemProxy section */

/* Begin PBXFileReference section */
		E96BCC251E7FB7180033CCC8 /* JPBlock.h */ = {isa = PBXFileReference; fileEncoding = 4; lastKnownFileType = sourcecode.c.h; path = JPBlock.h; sourceTree = "<group>"; };
		E96BCC261E7FB7180033CCC8 /* JPBlock.m */ = {isa = PBXFileReference; fileEncoding = 4; lastKnownFileType = sourcecode.c.objc; path = JPBlock.m; sourceTree = "<group>"; };
		E96BCC271E7FB7180033CCC8 /* JPBlockWrapper.h */ = {isa = PBXFileReference; fileEncoding = 4; lastKnownFileType = sourcecode.c.h; path = JPBlockWrapper.h; sourceTree = "<group>"; };
		E96BCC281E7FB7180033CCC8 /* JPBlockWrapper.m */ = {isa = PBXFileReference; fileEncoding = 4; lastKnownFileType = sourcecode.c.objc; path = JPBlockWrapper.m; sourceTree = "<group>"; };
		E96BCC2A1E7FB7180033CCC8 /* JPCFunction.h */ = {isa = PBXFileReference; fileEncoding = 4; lastKnownFileType = sourcecode.c.h; path = JPCFunction.h; sourceTree = "<group>"; };
		E96BCC2B1E7FB7180033CCC8 /* JPCFunction.m */ = {isa = PBXFileReference; fileEncoding = 4; lastKnownFileType = sourcecode.c.objc; path = JPCFunction.m; sourceTree = "<group>"; };
		E96BCC2C1E7FB7180033CCC8 /* JPMemory.h */ = {isa = PBXFileReference; fileEncoding = 4; lastKnownFileType = sourcecode.c.h; path = JPMemory.h; sourceTree = "<group>"; };
		E96BCC2D1E7FB7180033CCC8 /* JPMemory.m */ = {isa = PBXFileReference; fileEncoding = 4; lastKnownFileType = sourcecode.c.objc; path = JPMemory.m; sourceTree = "<group>"; };
		E96BCC2E1E7FB7180033CCC8 /* JPStructPointer.h */ = {isa = PBXFileReference; fileEncoding = 4; lastKnownFileType = sourcecode.c.h; path = JPStructPointer.h; sourceTree = "<group>"; };
		E96BCC2F1E7FB7180033CCC8 /* JPStructPointer.m */ = {isa = PBXFileReference; fileEncoding = 4; lastKnownFileType = sourcecode.c.objc; path = JPStructPointer.m; sourceTree = "<group>"; };
		E96BCC321E7FB7180033CCC8 /* JPCGBitmapContext.h */ = {isa = PBXFileReference; fileEncoding = 4; lastKnownFileType = sourcecode.c.h; path = JPCGBitmapContext.h; sourceTree = "<group>"; };
		E96BCC331E7FB7180033CCC8 /* JPCGBitmapContext.m */ = {isa = PBXFileReference; fileEncoding = 4; lastKnownFileType = sourcecode.c.objc; path = JPCGBitmapContext.m; sourceTree = "<group>"; };
		E96BCC341E7FB7180033CCC8 /* JPCGColor.h */ = {isa = PBXFileReference; fileEncoding = 4; lastKnownFileType = sourcecode.c.h; path = JPCGColor.h; sourceTree = "<group>"; };
		E96BCC351E7FB7180033CCC8 /* JPCGColor.m */ = {isa = PBXFileReference; fileEncoding = 4; lastKnownFileType = sourcecode.c.objc; path = JPCGColor.m; sourceTree = "<group>"; };
		E96BCC361E7FB7180033CCC8 /* JPCGContext.h */ = {isa = PBXFileReference; fileEncoding = 4; lastKnownFileType = sourcecode.c.h; path = JPCGContext.h; sourceTree = "<group>"; };
		E96BCC371E7FB7180033CCC8 /* JPCGContext.m */ = {isa = PBXFileReference; fileEncoding = 4; lastKnownFileType = sourcecode.c.objc; path = JPCGContext.m; sourceTree = "<group>"; };
		E96BCC381E7FB7180033CCC8 /* JPCGGeometry.h */ = {isa = PBXFileReference; fileEncoding = 4; lastKnownFileType = sourcecode.c.h; path = JPCGGeometry.h; sourceTree = "<group>"; };
		E96BCC391E7FB7180033CCC8 /* JPCGGeometry.m */ = {isa = PBXFileReference; fileEncoding = 4; lastKnownFileType = sourcecode.c.objc; path = JPCGGeometry.m; sourceTree = "<group>"; };
		E96BCC3A1E7FB7180033CCC8 /* JPCGImage.h */ = {isa = PBXFileReference; fileEncoding = 4; lastKnownFileType = sourcecode.c.h; path = JPCGImage.h; sourceTree = "<group>"; };
		E96BCC3B1E7FB7180033CCC8 /* JPCGImage.m */ = {isa = PBXFileReference; fileEncoding = 4; lastKnownFileType = sourcecode.c.objc; path = JPCGImage.m; sourceTree = "<group>"; };
		E96BCC3C1E7FB7180033CCC8 /* JPCGPath.h */ = {isa = PBXFileReference; fileEncoding = 4; lastKnownFileType = sourcecode.c.h; path = JPCGPath.h; sourceTree = "<group>"; };
		E96BCC3D1E7FB7180033CCC8 /* JPCGPath.m */ = {isa = PBXFileReference; fileEncoding = 4; lastKnownFileType = sourcecode.c.objc; path = JPCGPath.m; sourceTree = "<group>"; };
		E96BCC3E1E7FB7180033CCC8 /* JPCGTransform.h */ = {isa = PBXFileReference; fileEncoding = 4; lastKnownFileType = sourcecode.c.h; path = JPCGTransform.h; sourceTree = "<group>"; };
		E96BCC3F1E7FB7180033CCC8 /* JPCGTransform.m */ = {isa = PBXFileReference; fileEncoding = 4; lastKnownFileType = sourcecode.c.objc; path = JPCGTransform.m; sourceTree = "<group>"; };
		E96BCC401E7FB7180033CCC8 /* JPCoreGraphics.h */ = {isa = PBXFileReference; fileEncoding = 4; lastKnownFileType = sourcecode.c.h; path = JPCoreGraphics.h; sourceTree = "<group>"; };
		E96BCC411E7FB7180033CCC8 /* JPCoreGraphics.m */ = {isa = PBXFileReference; fileEncoding = 4; lastKnownFileType = sourcecode.c.objc; path = JPCoreGraphics.m; sourceTree = "<group>"; };
		E96BCC431E7FB7180033CCC8 /* JPUIGeometry.h */ = {isa = PBXFileReference; fileEncoding = 4; lastKnownFileType = sourcecode.c.h; path = JPUIGeometry.h; sourceTree = "<group>"; };
		E96BCC441E7FB7180033CCC8 /* JPUIGeometry.m */ = {isa = PBXFileReference; fileEncoding = 4; lastKnownFileType = sourcecode.c.objc; path = JPUIGeometry.m; sourceTree = "<group>"; };
		E96BCC451E7FB7180033CCC8 /* JPUIGraphics.h */ = {isa = PBXFileReference; fileEncoding = 4; lastKnownFileType = sourcecode.c.h; path = JPUIGraphics.h; sourceTree = "<group>"; };
		E96BCC461E7FB7180033CCC8 /* JPUIGraphics.m */ = {isa = PBXFileReference; fileEncoding = 4; lastKnownFileType = sourcecode.c.objc; path = JPUIGraphics.m; sourceTree = "<group>"; };
		E96BCC471E7FB7180033CCC8 /* JPUIImage.h */ = {isa = PBXFileReference; fileEncoding = 4; lastKnownFileType = sourcecode.c.h; path = JPUIImage.h; sourceTree = "<group>"; };
		E96BCC481E7FB7180033CCC8 /* JPUIImage.m */ = {isa = PBXFileReference; fileEncoding = 4; lastKnownFileType = sourcecode.c.objc; path = JPUIImage.m; sourceTree = "<group>"; };
		E96BCC491E7FB7180033CCC8 /* JPUIKit.h */ = {isa = PBXFileReference; fileEncoding = 4; lastKnownFileType = sourcecode.c.h; path = JPUIKit.h; sourceTree = "<group>"; };
		E96BCC4A1E7FB7180033CCC8 /* JPUIKit.m */ = {isa = PBXFileReference; fileEncoding = 4; lastKnownFileType = sourcecode.c.objc; path = JPUIKit.m; sourceTree = "<group>"; };
		E96BCC4B1E7FB7180033CCC8 /* JPCleaner.h */ = {isa = PBXFileReference; fileEncoding = 4; lastKnownFileType = sourcecode.c.h; path = JPCleaner.h; sourceTree = "<group>"; };
		E96BCC4C1E7FB7180033CCC8 /* JPCleaner.m */ = {isa = PBXFileReference; fileEncoding = 4; lastKnownFileType = sourcecode.c.objc; path = JPCleaner.m; sourceTree = "<group>"; };
		E96BCC4D1E7FB7180033CCC8 /* JPDispatch.h */ = {isa = PBXFileReference; fileEncoding = 4; lastKnownFileType = sourcecode.c.h; path = JPDispatch.h; sourceTree = "<group>"; };
		E96BCC4E1E7FB7180033CCC8 /* JPDispatch.m */ = {isa = PBXFileReference; fileEncoding = 4; lastKnownFileType = sourcecode.c.objc; path = JPDispatch.m; sourceTree = "<group>"; };
		E96BCC501E7FB7180033CCC8 /* JPMethodSignature.h */ = {isa = PBXFileReference; fileEncoding = 4; lastKnownFileType = sourcecode.c.h; path = JPMethodSignature.h; sourceTree = "<group>"; };
		E96BCC511E7FB7180033CCC8 /* JPMethodSignature.m */ = {isa = PBXFileReference; fileEncoding = 4; lastKnownFileType = sourcecode.c.objc; path = JPMethodSignature.m; sourceTree = "<group>"; };
		E96BCC531E7FB7180033CCC8 /* ffi.h */ = {isa = PBXFileReference; fileEncoding = 4; lastKnownFileType = sourcecode.c.h; path = ffi.h; sourceTree = "<group>"; };
		E96BCC541E7FB7180033CCC8 /* ffi_arm.h */ = {isa = PBXFileReference; fileEncoding = 4; lastKnownFileType = sourcecode.c.h; path = ffi_arm.h; sourceTree = "<group>"; };
		E96BCC551E7FB7180033CCC8 /* ffi_arm64.h */ = {isa = PBXFileReference; fileEncoding = 4; lastKnownFileType = sourcecode.c.h; path = ffi_arm64.h; sourceTree = "<group>"; };
		E96BCC561E7FB7180033CCC8 /* ffi_i386.h */ = {isa = PBXFileReference; fileEncoding = 4; lastKnownFileType = sourcecode.c.h; path = ffi_i386.h; sourceTree = "<group>"; };
		E96BCC571E7FB7180033CCC8 /* ffi_x86_64.h */ = {isa = PBXFileReference; fileEncoding = 4; lastKnownFileType = sourcecode.c.h; path = ffi_x86_64.h; sourceTree = "<group>"; };
		E96BCC581E7FB7180033CCC8 /* ffitarget.h */ = {isa = PBXFileReference; fileEncoding = 4; lastKnownFileType = sourcecode.c.h; path = ffitarget.h; sourceTree = "<group>"; };
		E96BCC591E7FB7180033CCC8 /* ffitarget_arm.h */ = {isa = PBXFileReference; fileEncoding = 4; lastKnownFileType = sourcecode.c.h; path = ffitarget_arm.h; sourceTree = "<group>"; };
		E96BCC5A1E7FB7180033CCC8 /* ffitarget_arm64.h */ = {isa = PBXFileReference; fileEncoding = 4; lastKnownFileType = sourcecode.c.h; path = ffitarget_arm64.h; sourceTree = "<group>"; };
		E96BCC5B1E7FB7180033CCC8 /* ffitarget_i386.h */ = {isa = PBXFileReference; fileEncoding = 4; lastKnownFileType = sourcecode.c.h; path = ffitarget_i386.h; sourceTree = "<group>"; };
		E96BCC5C1E7FB7180033CCC8 /* ffitarget_x86_64.h */ = {isa = PBXFileReference; fileEncoding = 4; lastKnownFileType = sourcecode.c.h; path = ffitarget_x86_64.h; sourceTree = "<group>"; };
		E96BCC5D1E7FB7180033CCC8 /* libffi.a */ = {isa = PBXFileReference; lastKnownFileType = archive.ar; path = libffi.a; sourceTree = "<group>"; };
		E96BCC5E1E7FB7180033CCC8 /* JPLocker.h */ = {isa = PBXFileReference; fileEncoding = 4; lastKnownFileType = sourcecode.c.h; path = JPLocker.h; sourceTree = "<group>"; };
		E96BCC5F1E7FB7180033CCC8 /* JPLocker.m */ = {isa = PBXFileReference; fileEncoding = 4; lastKnownFileType = sourcecode.c.objc; path = JPLocker.m; sourceTree = "<group>"; };
		E96BCC601E7FB7180033CCC8 /* JPNumber.h */ = {isa = PBXFileReference; fileEncoding = 4; lastKnownFileType = sourcecode.c.h; path = JPNumber.h; sourceTree = "<group>"; };
		E96BCC611E7FB7180033CCC8 /* JPNumber.m */ = {isa = PBXFileReference; fileEncoding = 4; lastKnownFileType = sourcecode.c.objc; path = JPNumber.m; sourceTree = "<group>"; };
		E96BCC631E7FB7180033CCC8 /* JPPlayground.h */ = {isa = PBXFileReference; fileEncoding = 4; lastKnownFileType = sourcecode.c.h; path = JPPlayground.h; sourceTree = "<group>"; };
		E96BCC641E7FB7180033CCC8 /* JPPlayground.m */ = {isa = PBXFileReference; fileEncoding = 4; lastKnownFileType = sourcecode.c.objc; path = JPPlayground.m; sourceTree = "<group>"; };
		E96BCC661E7FB7180033CCC8 /* JPKeyCommands.h */ = {isa = PBXFileReference; fileEncoding = 4; lastKnownFileType = sourcecode.c.h; path = JPKeyCommands.h; sourceTree = "<group>"; };
		E96BCC671E7FB7180033CCC8 /* JPKeyCommands.m */ = {isa = PBXFileReference; fileEncoding = 4; lastKnownFileType = sourcecode.c.objc; path = JPKeyCommands.m; sourceTree = "<group>"; };
		E96BCC681E7FB7180033CCC8 /* SGDirWatchdog.h */ = {isa = PBXFileReference; fileEncoding = 4; lastKnownFileType = sourcecode.c.h; path = SGDirWatchdog.h; sourceTree = "<group>"; };
		E96BCC691E7FB7180033CCC8 /* SGDirWatchdog.m */ = {isa = PBXFileReference; fileEncoding = 4; lastKnownFileType = sourcecode.c.objc; path = SGDirWatchdog.m; sourceTree = "<group>"; };
		E96BCC6B1E7FB7180033CCC8 /* JPDevErrorView.h */ = {isa = PBXFileReference; fileEncoding = 4; lastKnownFileType = sourcecode.c.h; path = JPDevErrorView.h; sourceTree = "<group>"; };
		E96BCC6C1E7FB7180033CCC8 /* JPDevErrorView.m */ = {isa = PBXFileReference; fileEncoding = 4; lastKnownFileType = sourcecode.c.objc; path = JPDevErrorView.m; sourceTree = "<group>"; };
		E96BCC6D1E7FB7180033CCC8 /* JPDevMenu.h */ = {isa = PBXFileReference; fileEncoding = 4; lastKnownFileType = sourcecode.c.h; path = JPDevMenu.h; sourceTree = "<group>"; };
		E96BCC6E1E7FB7180033CCC8 /* JPDevMenu.m */ = {isa = PBXFileReference; fileEncoding = 4; lastKnownFileType = sourcecode.c.objc; path = JPDevMenu.m; sourceTree = "<group>"; };
		E96BCC6F1E7FB7180033CCC8 /* JPDevTipView.h */ = {isa = PBXFileReference; fileEncoding = 4; lastKnownFileType = sourcecode.c.h; path = JPDevTipView.h; sourceTree = "<group>"; };
		E96BCC701E7FB7180033CCC8 /* JPDevTipView.m */ = {isa = PBXFileReference; fileEncoding = 4; lastKnownFileType = sourcecode.c.objc; path = JPDevTipView.m; sourceTree = "<group>"; };
		E96BCC711E7FB7180033CCC8 /* README.md */ = {isa = PBXFileReference; fileEncoding = 4; lastKnownFileType = net.daringfireball.markdown; path = README.md; sourceTree = "<group>"; };
		E96BCC721E7FB7180033CCC8 /* JPProtocol.h */ = {isa = PBXFileReference; fileEncoding = 4; lastKnownFileType = sourcecode.c.h; path = JPProtocol.h; sourceTree = "<group>"; };
		E96BCC731E7FB7180033CCC8 /* JPProtocol.m */ = {isa = PBXFileReference; fileEncoding = 4; lastKnownFileType = sourcecode.c.objc; path = JPProtocol.m; sourceTree = "<group>"; };
		E96BCC741E7FB7180033CCC8 /* JPSpecialInit.h */ = {isa = PBXFileReference; fileEncoding = 4; lastKnownFileType = sourcecode.c.h; path = JPSpecialInit.h; sourceTree = "<group>"; };
		E96BCC751E7FB7180033CCC8 /* JPSpecialInit.m */ = {isa = PBXFileReference; fileEncoding = 4; lastKnownFileType = sourcecode.c.objc; path = JPSpecialInit.m; sourceTree = "<group>"; };
		E96BCC761E7FB7180033CCC8 /* JPEngine.h */ = {isa = PBXFileReference; fileEncoding = 4; lastKnownFileType = sourcecode.c.h; path = JPEngine.h; sourceTree = "<group>"; };
		E96BCC771E7FB7180033CCC8 /* JPEngine.m */ = {isa = PBXFileReference; fileEncoding = 4; lastKnownFileType = sourcecode.c.objc; path = JPEngine.m; sourceTree = "<group>"; };
		E96BCC781E7FB7180033CCC8 /* JSPatch.bundle */ = {isa = PBXFileReference; lastKnownFileType = "wrapper.plug-in"; path = JSPatch.bundle; sourceTree = "<group>"; };
		E9DBFD841E00F0EC002C4AAB /* JSPatch.framework */ = {isa = PBXFileReference; explicitFileType = wrapper.framework; includeInIndex = 0; path = JSPatch.framework; sourceTree = BUILT_PRODUCTS_DIR; };
		E9DBFD871E00F0EC002C4AAB /* JSPatch.h */ = {isa = PBXFileReference; lastKnownFileType = sourcecode.c.h; path = JSPatch.h; sourceTree = "<group>"; };
		E9DBFD881E00F0EC002C4AAB /* Info.plist */ = {isa = PBXFileReference; lastKnownFileType = text.plist.xml; path = Info.plist; sourceTree = "<group>"; };
		E9DBFD8D1E00F0EC002C4AAB /* JSPatchTests.xctest */ = {isa = PBXFileReference; explicitFileType = wrapper.cfbundle; includeInIndex = 0; path = JSPatchTests.xctest; sourceTree = BUILT_PRODUCTS_DIR; };
		E9DBFD921E00F0EC002C4AAB /* JSPatchTests.m */ = {isa = PBXFileReference; lastKnownFileType = sourcecode.c.objc; path = JSPatchTests.m; sourceTree = "<group>"; };
		E9DBFD941E00F0EC002C4AAB /* Info.plist */ = {isa = PBXFileReference; lastKnownFileType = text.plist.xml; path = Info.plist; sourceTree = "<group>"; };
		E9DBFDA21E00F171002C4AAB /* README.md */ = {isa = PBXFileReference; fileEncoding = 4; lastKnownFileType = net.daringfireball.markdown; name = README.md; path = ../../README.md; sourceTree = "<group>"; };
		E9DBFE6A1E012BB2002C4AAB /* JSHotfixManager.h */ = {isa = PBXFileReference; fileEncoding = 4; lastKnownFileType = sourcecode.c.h; path = JSHotfixManager.h; sourceTree = "<group>"; };
		E9DBFE6B1E012BB2002C4AAB /* JSHotfixManager.m */ = {isa = PBXFileReference; fileEncoding = 4; lastKnownFileType = sourcecode.c.objc; path = JSHotfixManager.m; sourceTree = "<group>"; };
/* End PBXFileReference section */

/* Begin PBXFrameworksBuildPhase section */
		E9DBFD801E00F0EC002C4AAB /* Frameworks */ = {
			isa = PBXFrameworksBuildPhase;
			buildActionMask = 2147483647;
			files = (
				E96BCCAB1E7FB7180033CCC8 /* libffi.a in Frameworks */,
			);
			runOnlyForDeploymentPostprocessing = 0;
		};
		E9DBFD8A1E00F0EC002C4AAB /* Frameworks */ = {
			isa = PBXFrameworksBuildPhase;
			buildActionMask = 2147483647;
			files = (
				E9DBFD8E1E00F0EC002C4AAB /* JSPatch.framework in Frameworks */,
			);
			runOnlyForDeploymentPostprocessing = 0;
		};
/* End PBXFrameworksBuildPhase section */

/* Begin PBXGroup section */
		E96BCC221E7FB7180033CCC8 /* src */ = {
			isa = PBXGroup;
			children = (
				E96BCC231E7FB7180033CCC8 /* Extensions */,
				E96BCC761E7FB7180033CCC8 /* JPEngine.h */,
				E96BCC771E7FB7180033CCC8 /* JPEngine.m */,
				E96BCC781E7FB7180033CCC8 /* JSPatch.bundle */,
			);
			path = src;
			sourceTree = "<group>";
		};
		E96BCC231E7FB7180033CCC8 /* Extensions */ = {
			isa = PBXGroup;
			children = (
				E96BCC241E7FB7180033CCC8 /* JPBlock */,
				E96BCC291E7FB7180033CCC8 /* JPCFunction */,
				E96BCC301E7FB7180033CCC8 /* JPCFunctionBinder */,
				E96BCC4B1E7FB7180033CCC8 /* JPCleaner.h */,
				E96BCC4C1E7FB7180033CCC8 /* JPCleaner.m */,
				E96BCC4D1E7FB7180033CCC8 /* JPDispatch.h */,
				E96BCC4E1E7FB7180033CCC8 /* JPDispatch.m */,
				E96BCC4F1E7FB7180033CCC8 /* JPLibffi */,
				E96BCC5E1E7FB7180033CCC8 /* JPLocker.h */,
				E96BCC5F1E7FB7180033CCC8 /* JPLocker.m */,
				E96BCC601E7FB7180033CCC8 /* JPNumber.h */,
				E96BCC611E7FB7180033CCC8 /* JPNumber.m */,
				E96BCC621E7FB7180033CCC8 /* JPPlaygroundTool */,
				E96BCC721E7FB7180033CCC8 /* JPProtocol.h */,
				E96BCC731E7FB7180033CCC8 /* JPProtocol.m */,
				E96BCC741E7FB7180033CCC8 /* JPSpecialInit.h */,
				E96BCC751E7FB7180033CCC8 /* JPSpecialInit.m */,
			);
			path = Extensions;
			sourceTree = "<group>";
		};
		E96BCC241E7FB7180033CCC8 /* JPBlock */ = {
			isa = PBXGroup;
			children = (
				E96BCC251E7FB7180033CCC8 /* JPBlock.h */,
				E96BCC261E7FB7180033CCC8 /* JPBlock.m */,
				E96BCC271E7FB7180033CCC8 /* JPBlockWrapper.h */,
				E96BCC281E7FB7180033CCC8 /* JPBlockWrapper.m */,
			);
			path = JPBlock;
			sourceTree = "<group>";
		};
		E96BCC291E7FB7180033CCC8 /* JPCFunction */ = {
			isa = PBXGroup;
			children = (
				E96BCC2A1E7FB7180033CCC8 /* JPCFunction.h */,
				E96BCC2B1E7FB7180033CCC8 /* JPCFunction.m */,
				E96BCC2C1E7FB7180033CCC8 /* JPMemory.h */,
				E96BCC2D1E7FB7180033CCC8 /* JPMemory.m */,
				E96BCC2E1E7FB7180033CCC8 /* JPStructPointer.h */,
				E96BCC2F1E7FB7180033CCC8 /* JPStructPointer.m */,
			);
			path = JPCFunction;
			sourceTree = "<group>";
		};
		E96BCC301E7FB7180033CCC8 /* JPCFunctionBinder */ = {
			isa = PBXGroup;
			children = (
				E96BCC311E7FB7180033CCC8 /* CoreGraphics */,
				E96BCC421E7FB7180033CCC8 /* UIKit */,
			);
			path = JPCFunctionBinder;
			sourceTree = "<group>";
		};
		E96BCC311E7FB7180033CCC8 /* CoreGraphics */ = {
			isa = PBXGroup;
			children = (
				E96BCC321E7FB7180033CCC8 /* JPCGBitmapContext.h */,
				E96BCC331E7FB7180033CCC8 /* JPCGBitmapContext.m */,
				E96BCC341E7FB7180033CCC8 /* JPCGColor.h */,
				E96BCC351E7FB7180033CCC8 /* JPCGColor.m */,
				E96BCC361E7FB7180033CCC8 /* JPCGContext.h */,
				E96BCC371E7FB7180033CCC8 /* JPCGContext.m */,
				E96BCC381E7FB7180033CCC8 /* JPCGGeometry.h */,
				E96BCC391E7FB7180033CCC8 /* JPCGGeometry.m */,
				E96BCC3A1E7FB7180033CCC8 /* JPCGImage.h */,
				E96BCC3B1E7FB7180033CCC8 /* JPCGImage.m */,
				E96BCC3C1E7FB7180033CCC8 /* JPCGPath.h */,
				E96BCC3D1E7FB7180033CCC8 /* JPCGPath.m */,
				E96BCC3E1E7FB7180033CCC8 /* JPCGTransform.h */,
				E96BCC3F1E7FB7180033CCC8 /* JPCGTransform.m */,
				E96BCC401E7FB7180033CCC8 /* JPCoreGraphics.h */,
				E96BCC411E7FB7180033CCC8 /* JPCoreGraphics.m */,
			);
			path = CoreGraphics;
			sourceTree = "<group>";
		};
		E96BCC421E7FB7180033CCC8 /* UIKit */ = {
			isa = PBXGroup;
			children = (
				E96BCC431E7FB7180033CCC8 /* JPUIGeometry.h */,
				E96BCC441E7FB7180033CCC8 /* JPUIGeometry.m */,
				E96BCC451E7FB7180033CCC8 /* JPUIGraphics.h */,
				E96BCC461E7FB7180033CCC8 /* JPUIGraphics.m */,
				E96BCC471E7FB7180033CCC8 /* JPUIImage.h */,
				E96BCC481E7FB7180033CCC8 /* JPUIImage.m */,
				E96BCC491E7FB7180033CCC8 /* JPUIKit.h */,
				E96BCC4A1E7FB7180033CCC8 /* JPUIKit.m */,
			);
			path = UIKit;
			sourceTree = "<group>";
		};
		E96BCC4F1E7FB7180033CCC8 /* JPLibffi */ = {
			isa = PBXGroup;
			children = (
				E96BCC501E7FB7180033CCC8 /* JPMethodSignature.h */,
				E96BCC511E7FB7180033CCC8 /* JPMethodSignature.m */,
				E96BCC521E7FB7180033CCC8 /* libffi */,
			);
			path = JPLibffi;
			sourceTree = "<group>";
		};
		E96BCC521E7FB7180033CCC8 /* libffi */ = {
			isa = PBXGroup;
			children = (
				E96BCC531E7FB7180033CCC8 /* ffi.h */,
				E96BCC541E7FB7180033CCC8 /* ffi_arm.h */,
				E96BCC551E7FB7180033CCC8 /* ffi_arm64.h */,
				E96BCC561E7FB7180033CCC8 /* ffi_i386.h */,
				E96BCC571E7FB7180033CCC8 /* ffi_x86_64.h */,
				E96BCC581E7FB7180033CCC8 /* ffitarget.h */,
				E96BCC591E7FB7180033CCC8 /* ffitarget_arm.h */,
				E96BCC5A1E7FB7180033CCC8 /* ffitarget_arm64.h */,
				E96BCC5B1E7FB7180033CCC8 /* ffitarget_i386.h */,
				E96BCC5C1E7FB7180033CCC8 /* ffitarget_x86_64.h */,
				E96BCC5D1E7FB7180033CCC8 /* libffi.a */,
			);
			path = libffi;
			sourceTree = "<group>";
		};
		E96BCC621E7FB7180033CCC8 /* JPPlaygroundTool */ = {
			isa = PBXGroup;
			children = (
				E96BCC631E7FB7180033CCC8 /* JPPlayground.h */,
				E96BCC641E7FB7180033CCC8 /* JPPlayground.m */,
				E96BCC651E7FB7180033CCC8 /* JPPlaygroundModule */,
				E96BCC6A1E7FB7180033CCC8 /* JPPlaygroundView */,
				E96BCC711E7FB7180033CCC8 /* README.md */,
			);
			path = JPPlaygroundTool;
			sourceTree = "<group>";
		};
		E96BCC651E7FB7180033CCC8 /* JPPlaygroundModule */ = {
			isa = PBXGroup;
			children = (
				E96BCC661E7FB7180033CCC8 /* JPKeyCommands.h */,
				E96BCC671E7FB7180033CCC8 /* JPKeyCommands.m */,
				E96BCC681E7FB7180033CCC8 /* SGDirWatchdog.h */,
				E96BCC691E7FB7180033CCC8 /* SGDirWatchdog.m */,
			);
			path = JPPlaygroundModule;
			sourceTree = "<group>";
		};
		E96BCC6A1E7FB7180033CCC8 /* JPPlaygroundView */ = {
			isa = PBXGroup;
			children = (
				E96BCC6B1E7FB7180033CCC8 /* JPDevErrorView.h */,
				E96BCC6C1E7FB7180033CCC8 /* JPDevErrorView.m */,
				E96BCC6D1E7FB7180033CCC8 /* JPDevMenu.h */,
				E96BCC6E1E7FB7180033CCC8 /* JPDevMenu.m */,
				E96BCC6F1E7FB7180033CCC8 /* JPDevTipView.h */,
				E96BCC701E7FB7180033CCC8 /* JPDevTipView.m */,
			);
			path = JPPlaygroundView;
			sourceTree = "<group>";
		};
		E9DBFD7A1E00F0EC002C4AAB = {
			isa = PBXGroup;
			children = (
				E9DBFD861E00F0EC002C4AAB /* JSPatch */,
				E9DBFD911E00F0EC002C4AAB /* JSPatchTests */,
				E9DBFD851E00F0EC002C4AAB /* Products */,
			);
			sourceTree = "<group>";
		};
		E9DBFD851E00F0EC002C4AAB /* Products */ = {
			isa = PBXGroup;
			children = (
				E9DBFD841E00F0EC002C4AAB /* JSPatch.framework */,
				E9DBFD8D1E00F0EC002C4AAB /* JSPatchTests.xctest */,
			);
			name = Products;
			sourceTree = "<group>";
		};
		E9DBFD861E00F0EC002C4AAB /* JSPatch */ = {
			isa = PBXGroup;
			children = (
				E96BCC221E7FB7180033CCC8 /* src */,
				E9DBFDA21E00F171002C4AAB /* README.md */,
				E9DBFD871E00F0EC002C4AAB /* JSPatch.h */,
				E9DBFE6A1E012BB2002C4AAB /* JSHotfixManager.h */,
				E9DBFE6B1E012BB2002C4AAB /* JSHotfixManager.m */,
				E9DBFD881E00F0EC002C4AAB /* Info.plist */,
			);
			path = JSPatch;
			sourceTree = "<group>";
		};
		E9DBFD911E00F0EC002C4AAB /* JSPatchTests */ = {
			isa = PBXGroup;
			children = (
				E9DBFD921E00F0EC002C4AAB /* JSPatchTests.m */,
				E9DBFD941E00F0EC002C4AAB /* Info.plist */,
			);
			path = JSPatchTests;
			sourceTree = "<group>";
		};
/* End PBXGroup section */

/* Begin PBXHeadersBuildPhase section */
		E9DBFD811E00F0EC002C4AAB /* Headers */ = {
			isa = PBXHeadersBuildPhase;
			buildActionMask = 2147483647;
			files = (
				E96BCCAC1E7FB7180033CCC8 /* JPLocker.h in Headers */,
				E96BCC7B1E7FB7180033CCC8 /* JPBlockWrapper.h in Headers */,
				E96BCCA61E7FB7180033CCC8 /* ffitarget.h in Headers */,
				E96BCC8F1E7FB7180033CCC8 /* JPCGTransform.h in Headers */,
				E9DBFE6C1E012BB2002C4AAB /* JSHotfixManager.h in Headers */,
				E96BCCA21E7FB7180033CCC8 /* ffi_arm.h in Headers */,
				E96BCCB41E7FB7180033CCC8 /* SGDirWatchdog.h in Headers */,
				E96BCCB21E7FB7180033CCC8 /* JPKeyCommands.h in Headers */,
				E9DBFD951E00F0EC002C4AAB /* JSPatch.h in Headers */,
				E96BCC7F1E7FB7180033CCC8 /* JPMemory.h in Headers */,
				E96BCC871E7FB7180033CCC8 /* JPCGContext.h in Headers */,
				E96BCCA51E7FB7180033CCC8 /* ffi_x86_64.h in Headers */,
				E96BCC791E7FB7180033CCC8 /* JPBlock.h in Headers */,
				E96BCCA71E7FB7180033CCC8 /* ffitarget_arm.h in Headers */,
				E96BCCA31E7FB7180033CCC8 /* ffi_arm64.h in Headers */,
				E96BCC851E7FB7180033CCC8 /* JPCGColor.h in Headers */,
				E96BCC951E7FB7180033CCC8 /* JPUIGraphics.h in Headers */,
				E96BCCC11E7FB7180033CCC8 /* JPEngine.h in Headers */,
				E96BCC9B1E7FB7180033CCC8 /* JPCleaner.h in Headers */,
				E96BCC9D1E7FB7180033CCC8 /* JPDispatch.h in Headers */,
				E96BCC931E7FB7180033CCC8 /* JPUIGeometry.h in Headers */,
				E96BCC971E7FB7180033CCC8 /* JPUIImage.h in Headers */,
				E96BCCAA1E7FB7180033CCC8 /* ffitarget_x86_64.h in Headers */,
				E96BCC8D1E7FB7180033CCC8 /* JPCGPath.h in Headers */,
				E96BCC811E7FB7180033CCC8 /* JPStructPointer.h in Headers */,
				E96BCCBF1E7FB7180033CCC8 /* JPSpecialInit.h in Headers */,
				E96BCCB01E7FB7180033CCC8 /* JPPlayground.h in Headers */,
				E96BCC8B1E7FB7180033CCC8 /* JPCGImage.h in Headers */,
				E96BCCA11E7FB7180033CCC8 /* ffi.h in Headers */,
				E96BCC7D1E7FB7180033CCC8 /* JPCFunction.h in Headers */,
				E96BCC831E7FB7180033CCC8 /* JPCGBitmapContext.h in Headers */,
				E96BCC991E7FB7180033CCC8 /* JPUIKit.h in Headers */,
				E96BCCB81E7FB7180033CCC8 /* JPDevMenu.h in Headers */,
				E96BCCBD1E7FB7180033CCC8 /* JPProtocol.h in Headers */,
				E96BCCB61E7FB7180033CCC8 /* JPDevErrorView.h in Headers */,
				E96BCCAE1E7FB7180033CCC8 /* JPNumber.h in Headers */,
				E96BCC891E7FB7180033CCC8 /* JPCGGeometry.h in Headers */,
				E96BCCA81E7FB7180033CCC8 /* ffitarget_arm64.h in Headers */,
				E96BCC9F1E7FB7180033CCC8 /* JPMethodSignature.h in Headers */,
				E96BCCA41E7FB7180033CCC8 /* ffi_i386.h in Headers */,
				E96BCCBA1E7FB7180033CCC8 /* JPDevTipView.h in Headers */,
				E96BCCA91E7FB7180033CCC8 /* ffitarget_i386.h in Headers */,
				E96BCC911E7FB7180033CCC8 /* JPCoreGraphics.h in Headers */,
			);
			runOnlyForDeploymentPostprocessing = 0;
		};
/* End PBXHeadersBuildPhase section */

/* Begin PBXNativeTarget section */
		E9DBFD831E00F0EC002C4AAB /* JSPatch */ = {
			isa = PBXNativeTarget;
			buildConfigurationList = E9DBFD981E00F0EC002C4AAB /* Build configuration list for PBXNativeTarget "JSPatch" */;
			buildPhases = (
				E9DBFD7F1E00F0EC002C4AAB /* Sources */,
				E9DBFD801E00F0EC002C4AAB /* Frameworks */,
				E9DBFD811E00F0EC002C4AAB /* Headers */,
				E9DBFD821E00F0EC002C4AAB /* Resources */,
			);
			buildRules = (
			);
			dependencies = (
			);
			name = JSPatch;
			productName = JSPatch;
			productReference = E9DBFD841E00F0EC002C4AAB /* JSPatch.framework */;
			productType = "com.apple.product-type.framework";
		};
		E9DBFD8C1E00F0EC002C4AAB /* JSPatchTests */ = {
			isa = PBXNativeTarget;
			buildConfigurationList = E9DBFD9B1E00F0EC002C4AAB /* Build configuration list for PBXNativeTarget "JSPatchTests" */;
			buildPhases = (
				E9DBFD891E00F0EC002C4AAB /* Sources */,
				E9DBFD8A1E00F0EC002C4AAB /* Frameworks */,
				E9DBFD8B1E00F0EC002C4AAB /* Resources */,
			);
			buildRules = (
			);
			dependencies = (
				E9DBFD901E00F0EC002C4AAB /* PBXTargetDependency */,
			);
			name = JSPatchTests;
			productName = JSPatchTests;
			productReference = E9DBFD8D1E00F0EC002C4AAB /* JSPatchTests.xctest */;
			productType = "com.apple.product-type.bundle.unit-test";
		};
/* End PBXNativeTarget section */

/* Begin PBXProject section */
		E9DBFD7B1E00F0EC002C4AAB /* Project object */ = {
			isa = PBXProject;
			attributes = {
				LastUpgradeCheck = 0900;
				ORGANIZATIONNAME = "思源";
				TargetAttributes = {
					E9DBFD831E00F0EC002C4AAB = {
						CreatedOnToolsVersion = 8.1;
						ProvisioningStyle = Automatic;
					};
					E9DBFD8C1E00F0EC002C4AAB = {
						CreatedOnToolsVersion = 8.1;
						ProvisioningStyle = Automatic;
					};
					E9DBFD9E1E00F133002C4AAB = {
						CreatedOnToolsVersion = 8.1;
						ProvisioningStyle = Automatic;
					};
				};
			};
			buildConfigurationList = E9DBFD7E1E00F0EC002C4AAB /* Build configuration list for PBXProject "JSPatch" */;
			compatibilityVersion = "Xcode 3.2";
			developmentRegion = English;
			hasScannedForEncodings = 0;
			knownRegions = (
				en,
			);
			mainGroup = E9DBFD7A1E00F0EC002C4AAB;
			productRefGroup = E9DBFD851E00F0EC002C4AAB /* Products */;
			projectDirPath = "";
			projectRoot = "";
			targets = (
				E9DBFD831E00F0EC002C4AAB /* JSPatch */,
				E9DBFD8C1E00F0EC002C4AAB /* JSPatchTests */,
				E9DBFD9E1E00F133002C4AAB /* JSPatchAgg */,
			);
		};
/* End PBXProject section */

/* Begin PBXResourcesBuildPhase section */
		E9DBFD821E00F0EC002C4AAB /* Resources */ = {
			isa = PBXResourcesBuildPhase;
			buildActionMask = 2147483647;
			files = (
				E96BCCC31E7FB7180033CCC8 /* JSPatch.bundle in Resources */,
			);
			runOnlyForDeploymentPostprocessing = 0;
		};
		E9DBFD8B1E00F0EC002C4AAB /* Resources */ = {
			isa = PBXResourcesBuildPhase;
			buildActionMask = 2147483647;
			files = (
			);
			runOnlyForDeploymentPostprocessing = 0;
		};
/* End PBXResourcesBuildPhase section */

/* Begin PBXShellScriptBuildPhase section */
		E9DBFDA41E00F1DC002C4AAB /* ShellScript */ = {
			isa = PBXShellScriptBuildPhase;
			buildActionMask = 2147483647;
			files = (
			);
			inputPaths = (
			);
			outputPaths = (
			);
			runOnlyForDeploymentPostprocessing = 0;
			shellPath = /bin/sh;
			shellScript = "# Sets the target folders and the final framework product.\n# 如果工程名称和Framework的Target名称不一样的话，要自定义FMKNAME\n# 例如: FMK_NAME = \"MyFramework\"\nFMK_NAME=${PROJECT_NAME}\n# Install dir will be the final output to the framework.\n# The following line create it in the root folder of the current project.\nINSTALL_DIR=${SRCROOT}/Products/${FMK_NAME}.framework\n# Working dir will be deleted after the framework creation.\nWRK_DIR=build\nDEVICE_DIR=${WRK_DIR}/Release-iphoneos/${FMK_NAME}.framework\nSIMULATOR_DIR=${WRK_DIR}/Release-iphonesimulator/${FMK_NAME}.framework\n# -configuration ${CONFIGURATION}\n# Clean and Building both architectures.\nxcodebuild -configuration \"Release\" -target \"${FMK_NAME}\" -sdk iphoneos clean build\nxcodebuild -configuration \"Release\" -target \"${FMK_NAME}\" -sdk iphonesimulator clean build\n# Cleaning the oldest.\nif [ -d \"${INSTALL_DIR}\" ]\nthen\nrm -rf \"${INSTALL_DIR}\"\nfi\nmkdir -p \"${INSTALL_DIR}\"\ncp -R \"${DEVICE_DIR}/\" \"${INSTALL_DIR}/\"\n# Uses the Lipo Tool to merge both binary files (i386 + armv6/armv7) into one Universal final product.\nlipo -create \"${DEVICE_DIR}/${FMK_NAME}\" \"${SIMULATOR_DIR}/${FMK_NAME}\" -output \"${INSTALL_DIR}/${FMK_NAME}\"\nrm -r \"${WRK_DIR}\"\nopen \"${INSTALL_DIR}\"";
		};
/* End PBXShellScriptBuildPhase section */

/* Begin PBXSourcesBuildPhase section */
		E9DBFD7F1E00F0EC002C4AAB /* Sources */ = {
			isa = PBXSourcesBuildPhase;
			buildActionMask = 2147483647;
			files = (
				E96BCC801E7FB7180033CCC8 /* JPMemory.m in Sources */,
				E96BCC861E7FB7180033CCC8 /* JPCGColor.m in Sources */,
				E96BCC9A1E7FB7180033CCC8 /* JPUIKit.m in Sources */,
				E96BCCC21E7FB7180033CCC8 /* JPEngine.m in Sources */,
				E96BCC981E7FB7180033CCC8 /* JPUIImage.m in Sources */,
				E96BCC961E7FB7180033CCC8 /* JPUIGraphics.m in Sources */,
				E96BCC7C1E7FB7180033CCC8 /* JPBlockWrapper.m in Sources */,
				E96BCC821E7FB7180033CCC8 /* JPStructPointer.m in Sources */,
				E96BCC841E7FB7180033CCC8 /* JPCGBitmapContext.m in Sources */,
				E96BCCB51E7FB7180033CCC8 /* SGDirWatchdog.m in Sources */,
				E96BCC8A1E7FB7180033CCC8 /* JPCGGeometry.m in Sources */,
				E96BCC8E1E7FB7180033CCC8 /* JPCGPath.m in Sources */,
				E96BCCA01E7FB7180033CCC8 /* JPMethodSignature.m in Sources */,
				E9DBFE6D1E012BB2002C4AAB /* JSHotfixManager.m in Sources */,
				E96BCC941E7FB7180033CCC8 /* JPUIGeometry.m in Sources */,
				E96BCC7A1E7FB7180033CCC8 /* JPBlock.m in Sources */,
				E96BCCB31E7FB7180033CCC8 /* JPKeyCommands.m in Sources */,
				E96BCCB71E7FB7180033CCC8 /* JPDevErrorView.m in Sources */,
				E96BCCBE1E7FB7180033CCC8 /* JPProtocol.m in Sources */,
				E96BCCAF1E7FB7180033CCC8 /* JPNumber.m in Sources */,
				E96BCC8C1E7FB7180033CCC8 /* JPCGImage.m in Sources */,
				E96BCCB11E7FB7180033CCC8 /* JPPlayground.m in Sources */,
				E96BCC7E1E7FB7180033CCC8 /* JPCFunction.m in Sources */,
				E96BCC901E7FB7180033CCC8 /* JPCGTransform.m in Sources */,
				E96BCC9C1E7FB7180033CCC8 /* JPCleaner.m in Sources */,
				E96BCCC01E7FB7180033CCC8 /* JPSpecialInit.m in Sources */,
				E96BCC9E1E7FB7180033CCC8 /* JPDispatch.m in Sources */,
				E96BCCB91E7FB7180033CCC8 /* JPDevMenu.m in Sources */,
				E96BCC881E7FB7180033CCC8 /* JPCGContext.m in Sources */,
				E96BCCBB1E7FB7180033CCC8 /* JPDevTipView.m in Sources */,
				E96BCC921E7FB7180033CCC8 /* JPCoreGraphics.m in Sources */,
				E96BCCAD1E7FB7180033CCC8 /* JPLocker.m in Sources */,
			);
			runOnlyForDeploymentPostprocessing = 0;
		};
		E9DBFD891E00F0EC002C4AAB /* Sources */ = {
			isa = PBXSourcesBuildPhase;
			buildActionMask = 2147483647;
			files = (
				E9DBFD931E00F0EC002C4AAB /* JSPatchTests.m in Sources */,
			);
			runOnlyForDeploymentPostprocessing = 0;
		};
/* End PBXSourcesBuildPhase section */

/* Begin PBXTargetDependency section */
		E9DBFD901E00F0EC002C4AAB /* PBXTargetDependency */ = {
			isa = PBXTargetDependency;
			target = E9DBFD831E00F0EC002C4AAB /* JSPatch */;
			targetProxy = E9DBFD8F1E00F0EC002C4AAB /* PBXContainerItemProxy */;
		};
/* End PBXTargetDependency section */

/* Begin XCBuildConfiguration section */
		E9DBFD961E00F0EC002C4AAB /* Debug */ = {
			isa = XCBuildConfiguration;
			buildSettings = {
				ALWAYS_SEARCH_USER_PATHS = NO;
				CLANG_ANALYZER_NONNULL = YES;
				CLANG_CXX_LANGUAGE_STANDARD = "gnu++0x";
				CLANG_CXX_LIBRARY = "libc++";
				CLANG_ENABLE_MODULES = YES;
				CLANG_ENABLE_OBJC_ARC = YES;
				CLANG_WARN_BLOCK_CAPTURE_AUTORELEASING = YES;
				CLANG_WARN_BOOL_CONVERSION = YES;
				CLANG_WARN_COMMA = YES;
				CLANG_WARN_CONSTANT_CONVERSION = YES;
				CLANG_WARN_DIRECT_OBJC_ISA_USAGE = YES_ERROR;
				CLANG_WARN_DOCUMENTATION_COMMENTS = YES;
				CLANG_WARN_EMPTY_BODY = YES;
				CLANG_WARN_ENUM_CONVERSION = YES;
				CLANG_WARN_INFINITE_RECURSION = YES;
				CLANG_WARN_INT_CONVERSION = YES;
				CLANG_WARN_NON_LITERAL_NULL_CONVERSION = YES;
				CLANG_WARN_OBJC_LITERAL_CONVERSION = YES;
				CLANG_WARN_OBJC_ROOT_CLASS = YES_ERROR;
				CLANG_WARN_RANGE_LOOP_ANALYSIS = YES;
				CLANG_WARN_STRICT_PROTOTYPES = YES;
				CLANG_WARN_SUSPICIOUS_MOVE = YES;
				CLANG_WARN_SUSPICIOUS_MOVES = YES;
				CLANG_WARN_UNREACHABLE_CODE = YES;
				CLANG_WARN__DUPLICATE_METHOD_MATCH = YES;
				"CODE_SIGN_IDENTITY[sdk=iphoneos*]" = "iPhone Developer";
				COPY_PHASE_STRIP = NO;
				CURRENT_PROJECT_VERSION = 1;
				DEBUG_INFORMATION_FORMAT = dwarf;
				ENABLE_STRICT_OBJC_MSGSEND = YES;
				ENABLE_TESTABILITY = YES;
				GCC_C_LANGUAGE_STANDARD = gnu99;
				GCC_DYNAMIC_NO_PIC = NO;
				GCC_NO_COMMON_BLOCKS = YES;
				GCC_OPTIMIZATION_LEVEL = 0;
				GCC_PREPROCESSOR_DEFINITIONS = (
					"DEBUG=1",
					"$(inherited)",
				);
				GCC_WARN_64_TO_32_BIT_CONVERSION = YES;
				GCC_WARN_ABOUT_RETURN_TYPE = YES_ERROR;
				GCC_WARN_UNDECLARED_SELECTOR = YES;
				GCC_WARN_UNINITIALIZED_AUTOS = YES_AGGRESSIVE;
				GCC_WARN_UNUSED_FUNCTION = YES;
				GCC_WARN_UNUSED_VARIABLE = YES;
				IPHONEOS_DEPLOYMENT_TARGET = 11.2;
				MTL_ENABLE_DEBUG_INFO = YES;
				ONLY_ACTIVE_ARCH = YES;
				SDKROOT = iphoneos;
				TARGETED_DEVICE_FAMILY = "1,2";
				VERSIONING_SYSTEM = "apple-generic";
				VERSION_INFO_PREFIX = "";
			};
			name = Debug;
		};
		E9DBFD971E00F0EC002C4AAB /* Release */ = {
			isa = XCBuildConfiguration;
			buildSettings = {
				ALWAYS_SEARCH_USER_PATHS = NO;
				CLANG_ANALYZER_NONNULL = YES;
				CLANG_CXX_LANGUAGE_STANDARD = "gnu++0x";
				CLANG_CXX_LIBRARY = "libc++";
				CLANG_ENABLE_MODULES = YES;
				CLANG_ENABLE_OBJC_ARC = YES;
				CLANG_WARN_BLOCK_CAPTURE_AUTORELEASING = YES;
				CLANG_WARN_BOOL_CONVERSION = YES;
				CLANG_WARN_COMMA = YES;
				CLANG_WARN_CONSTANT_CONVERSION = YES;
				CLANG_WARN_DIRECT_OBJC_ISA_USAGE = YES_ERROR;
				CLANG_WARN_DOCUMENTATION_COMMENTS = YES;
				CLANG_WARN_EMPTY_BODY = YES;
				CLANG_WARN_ENUM_CONVERSION = YES;
				CLANG_WARN_INFINITE_RECURSION = YES;
				CLANG_WARN_INT_CONVERSION = YES;
				CLANG_WARN_NON_LITERAL_NULL_CONVERSION = YES;
				CLANG_WARN_OBJC_LITERAL_CONVERSION = YES;
				CLANG_WARN_OBJC_ROOT_CLASS = YES_ERROR;
				CLANG_WARN_RANGE_LOOP_ANALYSIS = YES;
				CLANG_WARN_STRICT_PROTOTYPES = YES;
				CLANG_WARN_SUSPICIOUS_MOVE = YES;
				CLANG_WARN_SUSPICIOUS_MOVES = YES;
				CLANG_WARN_UNREACHABLE_CODE = YES;
				CLANG_WARN__DUPLICATE_METHOD_MATCH = YES;
				"CODE_SIGN_IDENTITY[sdk=iphoneos*]" = "iPhone Developer";
				COPY_PHASE_STRIP = NO;
				CURRENT_PROJECT_VERSION = 1;
				DEBUG_INFORMATION_FORMAT = "dwarf-with-dsym";
				ENABLE_NS_ASSERTIONS = NO;
				ENABLE_STRICT_OBJC_MSGSEND = YES;
				GCC_C_LANGUAGE_STANDARD = gnu99;
				GCC_NO_COMMON_BLOCKS = YES;
				GCC_WARN_64_TO_32_BIT_CONVERSION = YES;
				GCC_WARN_ABOUT_RETURN_TYPE = YES_ERROR;
				GCC_WARN_UNDECLARED_SELECTOR = YES;
				GCC_WARN_UNINITIALIZED_AUTOS = YES_AGGRESSIVE;
				GCC_WARN_UNUSED_FUNCTION = YES;
				GCC_WARN_UNUSED_VARIABLE = YES;
				IPHONEOS_DEPLOYMENT_TARGET = 11.2;
				MTL_ENABLE_DEBUG_INFO = NO;
				SDKROOT = iphoneos;
				TARGETED_DEVICE_FAMILY = "1,2";
				VALIDATE_PRODUCT = YES;
				VERSIONING_SYSTEM = "apple-generic";
				VERSION_INFO_PREFIX = "";
			};
			name = Release;
		};
		E9DBFD991E00F0EC002C4AAB /* Debug */ = {
			isa = XCBuildConfiguration;
			buildSettings = {
				CODE_SIGN_IDENTITY = "";
				"CODE_SIGN_IDENTITY[sdk=iphoneos*]" = "";
				DEFINES_MODULE = YES;
				DEVELOPMENT_TEAM = "";
				DYLIB_COMPATIBILITY_VERSION = 1;
				DYLIB_CURRENT_VERSION = 1;
				DYLIB_INSTALL_NAME_BASE = "@rpath";
				INFOPLIST_FILE = JSPatch/Info.plist;
				INSTALL_PATH = "$(LOCAL_LIBRARY_DIR)/Frameworks";
				IPHONEOS_DEPLOYMENT_TARGET = 9.0;
				LD_RUNPATH_SEARCH_PATHS = "$(inherited) @executable_path/Frameworks @loader_path/Frameworks";
				LIBRARY_SEARCH_PATHS = (
					"$(inherited)",
					"$(PROJECT_DIR)/JSPatch/src/Extensions/JPLibffi/libffi",
				);
				MACH_O_TYPE = staticlib;
				OTHER_CFLAGS = "-fembed-bitcode";
				OTHER_LDFLAGS = "-fembed-bitcode";
				PRODUCT_BUNDLE_IDENTIFIER = com.syswin.JSPatch;
				PRODUCT_NAME = "$(TARGET_NAME)";
				PROVISIONING_PROFILE_SPECIFIER = "";
				SKIP_INSTALL = YES;
			};
			name = Debug;
		};
		E9DBFD9A1E00F0EC002C4AAB /* Release */ = {
			isa = XCBuildConfiguration;
			buildSettings = {
				CODE_SIGN_IDENTITY = "";
				"CODE_SIGN_IDENTITY[sdk=iphoneos*]" = "";
				DEFINES_MODULE = YES;
				DEVELOPMENT_TEAM = "";
				DYLIB_COMPATIBILITY_VERSION = 1;
				DYLIB_CURRENT_VERSION = 1;
				DYLIB_INSTALL_NAME_BASE = "@rpath";
				INFOPLIST_FILE = JSPatch/Info.plist;
				INSTALL_PATH = "$(LOCAL_LIBRARY_DIR)/Frameworks";
				IPHONEOS_DEPLOYMENT_TARGET = 9.0;
				LD_RUNPATH_SEARCH_PATHS = "$(inherited) @executable_path/Frameworks @loader_path/Frameworks";
				LIBRARY_SEARCH_PATHS = (
					"$(inherited)",
					"$(PROJECT_DIR)/JSPatch/src/Extensions/JPLibffi/libffi",
				);
				MACH_O_TYPE = staticlib;
				OTHER_CFLAGS = "-fembed-bitcode";
				OTHER_LDFLAGS = "-fembed-bitcode";
				PRODUCT_BUNDLE_IDENTIFIER = com.syswin.JSPatch;
				PRODUCT_NAME = "$(TARGET_NAME)";
				PROVISIONING_PROFILE_SPECIFIER = "";
				SKIP_INSTALL = YES;
			};
			name = Release;
		};
		E9DBFD9C1E00F0EC002C4AAB /* Debug */ = {
			isa = XCBuildConfiguration;
			buildSettings = {
				INFOPLIST_FILE = JSPatchTests/Info.plist;
				LD_RUNPATH_SEARCH_PATHS = "$(inherited) @executable_path/Frameworks @loader_path/Frameworks";
				PRODUCT_BUNDLE_IDENTIFIER = com.syswin.JSPatchTests;
				PRODUCT_NAME = "$(TARGET_NAME)";
			};
			name = Debug;
		};
		E9DBFD9D1E00F0EC002C4AAB /* Release */ = {
			isa = XCBuildConfiguration;
			buildSettings = {
				INFOPLIST_FILE = JSPatchTests/Info.plist;
				LD_RUNPATH_SEARCH_PATHS = "$(inherited) @executable_path/Frameworks @loader_path/Frameworks";
				PRODUCT_BUNDLE_IDENTIFIER = com.syswin.JSPatchTests;
				PRODUCT_NAME = "$(TARGET_NAME)";
			};
			name = Release;
		};
		E9DBFDA01E00F133002C4AAB /* Debug */ = {
			isa = XCBuildConfiguration;
			buildSettings = {
				MACH_O_TYPE = staticlib;
				OTHER_CFLAGS = "-fembed-bitcode";
				OTHER_LDFLAGS = "-fembed-bitcode";
				PRODUCT_NAME = "$(TARGET_NAME)";
			};
			name = Debug;
		};
		E9DBFDA11E00F133002C4AAB /* Release */ = {
			isa = XCBuildConfiguration;
			buildSettings = {
				MACH_O_TYPE = staticlib;
				OTHER_CFLAGS = "-fembed-bitcode";
				OTHER_LDFLAGS = "-fembed-bitcode";
				PRODUCT_NAME = "$(TARGET_NAME)";
			};
			name = Release;
		};
/* End XCBuildConfiguration section */

/* Begin XCConfigurationList section */
		E9DBFD7E1E00F0EC002C4AAB /* Build configuration list for PBXProject "JSPatch" */ = {
			isa = XCConfigurationList;
			buildConfigurations = (
				E9DBFD961E00F0EC002C4AAB /* Debug */,
				E9DBFD971E00F0EC002C4AAB /* Release */,
			);
			defaultConfigurationIsVisible = 0;
			defaultConfigurationName = Release;
		};
		E9DBFD981E00F0EC002C4AAB /* Build configuration list for PBXNativeTarget "JSPatch" */ = {
			isa = XCConfigurationList;
			buildConfigurations = (
				E9DBFD991E00F0EC002C4AAB /* Debug */,
				E9DBFD9A1E00F0EC002C4AAB /* Release */,
			);
			defaultConfigurationIsVisible = 0;
			defaultConfigurationName = Release;
		};
		E9DBFD9B1E00F0EC002C4AAB /* Build configuration list for PBXNativeTarget "JSPatchTests" */ = {
			isa = XCConfigurationList;
			buildConfigurations = (
				E9DBFD9C1E00F0EC002C4AAB /* Debug */,
				E9DBFD9D1E00F0EC002C4AAB /* Release */,
			);
			defaultConfigurationIsVisible = 0;
			defaultConfigurationName = Release;
		};
		E9DBFD9F1E00F133002C4AAB /* Build configuration list for PBXAggregateTarget "JSPatchAgg" */ = {
			isa = XCConfigurationList;
			buildConfigurations = (
				E9DBFDA01E00F133002C4AAB /* Debug */,
				E9DBFDA11E00F133002C4AAB /* Release */,
			);
			defaultConfigurationIsVisible = 0;
			defaultConfigurationName = Release;
		};
/* End XCConfigurationList section */
	};
	rootObject = E9DBFD7B1E00F0EC002C4AAB /* Project object */;
}
